
Microsoft Visual Studio Solution File, Format Version 12.00
# Visual Studio Version 17
VisualStudioVersion = 17.1.32407.343
MinimumVisualStudioVersion = 10.0.40219.1
Project("{9A19103F-16F7-4668-BE54-9A1E7A4F7556}") = "DomainUnitTests", "..\DomainUnitTests\DomainUnitTests.csproj", "{C0AF6472-9418-4563-9C81-DC7AC347F54B}"
EndProject
Project("{9A19103F-16F7-4668-BE54-9A1E7A4F7556}") = "Domain", "..\Domain\Domain.csproj", "{613643B4-41CA-48C8-B73B-422E10FD8EA3}"
EndProject
Project("{9A19103F-16F7-4668-BE54-9A1E7A4F7556}") = "Infrastructure", "..\Infrastructure\Infrastructure.csproj", "{51A7AB74-3FAE-4C47-A3F8-E04D8978BA6B}"
EndProject
Project("{2150E333-8FDC-42A3-9474-1A3956D46DE8}") = "Tests", "Tests", "{02514CB0-9AB5-46EA-B067-B3DD18400FE5}"
EndProject
Project("{9A19103F-16F7-4668-BE54-9A1E7A4F7556}") = "Application", "Application\Application.csproj", "{93412F04-5E40-4683-8991-D6A822428167}"
EndProject
Project("{9A19103F-16F7-4668-BE54-9A1E7A4F7556}") = "InfrastructureTests", "InfrastructureTests\InfrastructureTests.csproj", "{D4CD243C-8408-4674-8191-A77E20DEA9EB}"
EndProject
Project("{9A19103F-16F7-4668-BE54-9A1E7A4F7556}") = "Api", "WebApi\Api.csproj", "{A9B70AD3-4146-4ADC-A0F5-C5E57925C0E3}"
EndProject
Project("{FAE04EC0-301F-11D3-BF4B-00C04F79EFBC}") = "Authentication", "Authentication\Authentication.csproj", "{3B7A1F8F-B189-4553-85D7-FCAD73F5819A}"
EndProject
Global
	GlobalSection(SolutionConfigurationPlatforms) = preSolution
		Debug|Any CPU = Debug|Any CPU
		Release|Any CPU = Release|Any CPU
	EndGlobalSection
	GlobalSection(ProjectConfigurationPlatforms) = postSolution
		{C0AF6472-9418-4563-9C81-DC7AC347F54B}.Debug|Any CPU.ActiveCfg = Debug|Any CPU
		{C0AF6472-9418-4563-9C81-DC7AC347F54B}.Debug|Any CPU.Build.0 = Debug|Any CPU
		{C0AF6472-9418-4563-9C81-DC7AC347F54B}.Release|Any CPU.ActiveCfg = Release|Any CPU
		{C0AF6472-9418-4563-9C81-DC7AC347F54B}.Release|Any CPU.Build.0 = Release|Any CPU
		{613643B4-41CA-48C8-B73B-422E10FD8EA3}.Debug|Any CPU.ActiveCfg = Debug|Any CPU
		{613643B4-41CA-48C8-B73B-422E10FD8EA3}.Debug|Any CPU.Build.0 = Debug|Any CPU
		{613643B4-41CA-48C8-B73B-422E10FD8EA3}.Release|Any CPU.ActiveCfg = Release|Any CPU
		{613643B4-41CA-48C8-B73B-422E10FD8EA3}.Release|Any CPU.Build.0 = Release|Any CPU
		{51A7AB74-3FAE-4C47-A3F8-E04D8978BA6B}.Debug|Any CPU.ActiveCfg = Debug|Any CPU
		{51A7AB74-3FAE-4C47-A3F8-E04D8978BA6B}.Debug|Any CPU.Build.0 = Debug|Any CPU
		{51A7AB74-3FAE-4C47-A3F8-E04D8978BA6B}.Release|Any CPU.ActiveCfg = Release|Any CPU
		{51A7AB74-3FAE-4C47-A3F8-E04D8978BA6B}.Release|Any CPU.Build.0 = Release|Any CPU
		{93412F04-5E40-4683-8991-D6A822428167}.Debug|Any CPU.ActiveCfg = Debug|Any CPU
		{93412F04-5E40-4683-8991-D6A822428167}.Debug|Any CPU.Build.0 = Debug|Any CPU
		{93412F04-5E40-4683-8991-D6A822428167}.Release|Any CPU.ActiveCfg = Release|Any CPU
		{93412F04-5E40-4683-8991-D6A822428167}.Release|Any CPU.Build.0 = Release|Any CPU
		{D4CD243C-8408-4674-8191-A77E20DEA9EB}.Debug|Any CPU.ActiveCfg = Debug|Any CPU
		{D4CD243C-8408-4674-8191-A77E20DEA9EB}.Debug|Any CPU.Build.0 = Debug|Any CPU
		{D4CD243C-8408-4674-8191-A77E20DEA9EB}.Release|Any CPU.ActiveCfg = Release|Any CPU
		{D4CD243C-8408-4674-8191-A77E20DEA9EB}.Release|Any CPU.Build.0 = Release|Any CPU
		{A9B70AD3-4146-4ADC-A0F5-C5E57925C0E3}.Debug|Any CPU.ActiveCfg = Debug|Any CPU
		{A9B70AD3-4146-4ADC-A0F5-C5E57925C0E3}.Debug|Any CPU.Build.0 = Debug|Any CPU
		{A9B70AD3-4146-4ADC-A0F5-C5E57925C0E3}.Release|Any CPU.ActiveCfg = Release|Any CPU
		{A9B70AD3-4146-4ADC-A0F5-C5E57925C0E3}.Release|Any CPU.Build.0 = Release|Any CPU
		{3B7A1F8F-B189-4553-85D7-FCAD73F5819A}.Debug|Any CPU.ActiveCfg = Debug|Any CPU
		{3B7A1F8F-B189-4553-85D7-FCAD73F5819A}.Debug|Any CPU.Build.0 = Debug|Any CPU
		{3B7A1F8F-B189-4553-85D7-FCAD73F5819A}.Release|Any CPU.ActiveCfg = Release|Any CPU
		{3B7A1F8F-B189-4553-85D7-FCAD73F5819A}.Release|Any CPU.Build.0 = Release|Any CPU
	EndGlobalSection
	GlobalSection(SolutionProperties) = preSolution
		HideSolutionNode = FALSE
	EndGlobalSection
	GlobalSection(NestedProjects) = preSolution
		{C0AF6472-9418-4563-9C81-DC7AC347F54B} = {02514CB0-9AB5-46EA-B067-B3DD18400FE5}
		{D4CD243C-8408-4674-8191-A77E20DEA9EB} = {02514CB0-9AB5-46EA-B067-B3DD18400FE5}
	EndGlobalSection
	GlobalSection(ExtensibilityGlobals) = postSolution
		SolutionGuid = {CB347010-955B-4090-8631-B678F6ABF056}
	EndGlobalSection
EndGlobal
