
Microsoft Visual Studio Solution File, Format Version 12.00
# Visual Studio Version 16
VisualStudioVersion = 16.0.32228.343
MinimumVisualStudioVersion = 10.0.40219.1
Project("{9A19103F-16F7-4668-BE54-9A1E7A4F7556}") = "Microbuze", "Microbuze.csproj", "{79A111BB-E1BA-4E6D-8323-ED1435BEEA42}"
EndProject
Project("{9A19103F-16F7-4668-BE54-9A1E7A4F7556}") = "DomainUnitTests", "..\DomainUnitTests\DomainUnitTests.csproj", "{C0AF6472-9418-4563-9C81-DC7AC347F54B}"
EndProject
Project("{9A19103F-16F7-4668-BE54-9A1E7A4F7556}") = "Domain", "..\Domain\Domain.csproj", "{613643B4-41CA-48C8-B73B-422E10FD8EA3}"
EndProject
Project("{FAE04EC0-301F-11D3-BF4B-00C04F79EFBC}") = "Service", "..\Service\Service.csproj", "{39DBD7E1-8D7E-4B5F-9AF3-F8256E5757D9}"
EndProject
Global
	GlobalSection(SolutionConfigurationPlatforms) = preSolution
		Debug|Any CPU = Debug|Any CPU
		Release|Any CPU = Release|Any CPU
	EndGlobalSection
	GlobalSection(ProjectConfigurationPlatforms) = postSolution
		{79A111BB-E1BA-4E6D-8323-ED1435BEEA42}.Debug|Any CPU.ActiveCfg = Debug|Any CPU
		{79A111BB-E1BA-4E6D-8323-ED1435BEEA42}.Debug|Any CPU.Build.0 = Debug|Any CPU
		{79A111BB-E1BA-4E6D-8323-ED1435BEEA42}.Release|Any CPU.ActiveCfg = Release|Any CPU
		{79A111BB-E1BA-4E6D-8323-ED1435BEEA42}.Release|Any CPU.Build.0 = Release|Any CPU
		{C0AF6472-9418-4563-9C81-DC7AC347F54B}.Debug|Any CPU.ActiveCfg = Debug|Any CPU
		{C0AF6472-9418-4563-9C81-DC7AC347F54B}.Debug|Any CPU.Build.0 = Debug|Any CPU
		{C0AF6472-9418-4563-9C81-DC7AC347F54B}.Release|Any CPU.ActiveCfg = Release|Any CPU
		{C0AF6472-9418-4563-9C81-DC7AC347F54B}.Release|Any CPU.Build.0 = Release|Any CPU
		{613643B4-41CA-48C8-B73B-422E10FD8EA3}.Debug|Any CPU.ActiveCfg = Debug|Any CPU
		{613643B4-41CA-48C8-B73B-422E10FD8EA3}.Debug|Any CPU.Build.0 = Debug|Any CPU
		{613643B4-41CA-48C8-B73B-422E10FD8EA3}.Release|Any CPU.ActiveCfg = Release|Any CPU
		{613643B4-41CA-48C8-B73B-422E10FD8EA3}.Release|Any CPU.Build.0 = Release|Any CPU
		{39DBD7E1-8D7E-4B5F-9AF3-F8256E5757D9}.Debug|Any CPU.ActiveCfg = Debug|Any CPU
		{39DBD7E1-8D7E-4B5F-9AF3-F8256E5757D9}.Debug|Any CPU.Build.0 = Debug|Any CPU
		{39DBD7E1-8D7E-4B5F-9AF3-F8256E5757D9}.Release|Any CPU.ActiveCfg = Release|Any CPU
		{39DBD7E1-8D7E-4B5F-9AF3-F8256E5757D9}.Release|Any CPU.Build.0 = Release|Any CPU
	EndGlobalSection
	GlobalSection(SolutionProperties) = preSolution
		HideSolutionNode = FALSE
	EndGlobalSection
	GlobalSection(ExtensibilityGlobals) = postSolution
		SolutionGuid = {CB347010-955B-4090-8631-B678F6ABF056}
	EndGlobalSection
EndGlobal
